
Microsoft Visual Studio Solution File, Format Version 12.00
# Visual Studio Version 17
VisualStudioVersion = 17.13.35931.197
MinimumVisualStudioVersion = 10.0.40219.1
Project("{2150E333-8FDC-42A3-9474-1A3956D46DE8}") = "WebAppPolimusicV1_ASP", "WebAppPolimusicV1_ASP", "{02EA681E-C7D8-13C7-8484-4AC65E1B71E8}"
EndProject
Project("{FAE04EC0-301F-11D3-BF4B-00C04F79EFBC}") = "WebAppPoliMusicV1", "WebAppPoliMusicV1\WebAppPoliMusicV1.csproj", "{6C36DE30-09A1-4D5B-973A-955A9DE3850F}"
EndProject
Project("{2150E333-8FDC-42A3-9474-1A3956D46DE8}") = "WebAppPolimusicV2_ASPX_F2.0", "WebAppPolimusicV2_ASPX_F2.0", "{E7ADC583-7D2F-4A58-A8B5-C256EC4160E9}"
EndProject
Project("{FAE04EC0-301F-11D3-BF4B-00C04F79EFBC}") = "WebAppPoliMusicV2", "WebAppPoliMusicV2\WebAppPoliMusicV2.csproj", "{1890374B-19CF-460B-89B2-0F50C0D8A289}"
EndProject
Project("{2150E333-8FDC-42A3-9474-1A3956D46DE8}") = "WebAppPoliMusicV3_ASPX_F2.0_NLAYER", "WebAppPoliMusicV3_ASPX_F2.0_NLAYER", "{3A594739-30E4-4F38-80E1-3A70BBE03D92}"
EndProject
Project("{FAE04EC0-301F-11D3-BF4B-00C04F79EFBC}") = "EntityLayer.PoliMusicV3", "EntityLayer.PoliMusicV3\EntityLayer.PoliMusicV3.csproj", "{F9F5B51B-A21A-4A0F-BED3-7B87B8013A67}"
EndProject
Project("{FAE04EC0-301F-11D3-BF4B-00C04F79EFBC}") = "DataAccess.PoliMusicV3", "DataAccess.PoliMusicV3\DataAccess.PoliMusicV3.csproj", "{56820A23-E167-4D4C-B2C4-47F9EC1952D4}"
EndProject
Project("{FAE04EC0-301F-11D3-BF4B-00C04F79EFBC}") = "BusinesLayer.PoliMusicV3", "BusinesLayer.PoliMusicV3\BusinesLayer.PoliMusicV3.csproj", "{ECB713C1-28AF-4E88-8D48-D5F4EF99D294}"
EndProject
Project("{FAE04EC0-301F-11D3-BF4B-00C04F79EFBC}") = "WebAppPoliMusicV3", "WebAppPoliMusicV3\WebAppPoliMusicV3.csproj", "{BDE9F684-A9CB-45FC-8A97-588BD101C2EE}"
EndProject
Project("{2150E333-8FDC-42A3-9474-1A3956D46DE8}") = "WebAppPoliMusicV4_ASPX_ASMX_F4.8", "WebAppPoliMusicV4_ASPX_ASMX_F4.8", "{562CFB98-7424-4D57-A4D0-232DE79DF8FD}"
EndProject
Project("{FAE04EC0-301F-11D3-BF4B-00C04F79EFBC}") = "WebServicePoliMusicV4", "WebServicePoliMusicV4\WebServicePoliMusicV4.csproj", "{14BAE8C7-0A16-47C4-8C39-2A388BD6DAF5}"
EndProject
Project("{FAE04EC0-301F-11D3-BF4B-00C04F79EFBC}") = "WebAppPoliMusicV4", "WebAppPoliMusicV4\WebAppPoliMusicV4.csproj", "{F6D9221C-D6B2-4C77-8550-613D92CEF00C}"
	ProjectSection(ProjectDependencies) = postProject
		{14BAE8C7-0A16-47C4-8C39-2A388BD6DAF5} = {14BAE8C7-0A16-47C4-8C39-2A388BD6DAF5}
	EndProjectSection
EndProject
Global
	GlobalSection(SolutionConfigurationPlatforms) = preSolution
		Debug|Any CPU = Debug|Any CPU
		Release|Any CPU = Release|Any CPU
	EndGlobalSection
	GlobalSection(ProjectConfigurationPlatforms) = postSolution
		{6C36DE30-09A1-4D5B-973A-955A9DE3850F}.Debug|Any CPU.ActiveCfg = Debug|Any CPU
		{6C36DE30-09A1-4D5B-973A-955A9DE3850F}.Debug|Any CPU.Build.0 = Debug|Any CPU
		{6C36DE30-09A1-4D5B-973A-955A9DE3850F}.Release|Any CPU.ActiveCfg = Release|Any CPU
		{6C36DE30-09A1-4D5B-973A-955A9DE3850F}.Release|Any CPU.Build.0 = Release|Any CPU
		{1890374B-19CF-460B-89B2-0F50C0D8A289}.Debug|Any CPU.ActiveCfg = Debug|Any CPU
		{1890374B-19CF-460B-89B2-0F50C0D8A289}.Debug|Any CPU.Build.0 = Debug|Any CPU
		{1890374B-19CF-460B-89B2-0F50C0D8A289}.Release|Any CPU.ActiveCfg = Release|Any CPU
		{1890374B-19CF-460B-89B2-0F50C0D8A289}.Release|Any CPU.Build.0 = Release|Any CPU
		{F9F5B51B-A21A-4A0F-BED3-7B87B8013A67}.Debug|Any CPU.ActiveCfg = Debug|Any CPU
		{F9F5B51B-A21A-4A0F-BED3-7B87B8013A67}.Debug|Any CPU.Build.0 = Debug|Any CPU
		{F9F5B51B-A21A-4A0F-BED3-7B87B8013A67}.Release|Any CPU.ActiveCfg = Release|Any CPU
		{F9F5B51B-A21A-4A0F-BED3-7B87B8013A67}.Release|Any CPU.Build.0 = Release|Any CPU
		{56820A23-E167-4D4C-B2C4-47F9EC1952D4}.Debug|Any CPU.ActiveCfg = Debug|Any CPU
		{56820A23-E167-4D4C-B2C4-47F9EC1952D4}.Debug|Any CPU.Build.0 = Debug|Any CPU
		{56820A23-E167-4D4C-B2C4-47F9EC1952D4}.Release|Any CPU.ActiveCfg = Release|Any CPU
		{56820A23-E167-4D4C-B2C4-47F9EC1952D4}.Release|Any CPU.Build.0 = Release|Any CPU
		{ECB713C1-28AF-4E88-8D48-D5F4EF99D294}.Debug|Any CPU.ActiveCfg = Debug|Any CPU
		{ECB713C1-28AF-4E88-8D48-D5F4EF99D294}.Debug|Any CPU.Build.0 = Debug|Any CPU
		{ECB713C1-28AF-4E88-8D48-D5F4EF99D294}.Release|Any CPU.ActiveCfg = Release|Any CPU
		{ECB713C1-28AF-4E88-8D48-D5F4EF99D294}.Release|Any CPU.Build.0 = Release|Any CPU
		{BDE9F684-A9CB-45FC-8A97-588BD101C2EE}.Debug|Any CPU.ActiveCfg = Debug|Any CPU
		{BDE9F684-A9CB-45FC-8A97-588BD101C2EE}.Debug|Any CPU.Build.0 = Debug|Any CPU
		{BDE9F684-A9CB-45FC-8A97-588BD101C2EE}.Release|Any CPU.ActiveCfg = Release|Any CPU
		{BDE9F684-A9CB-45FC-8A97-588BD101C2EE}.Release|Any CPU.Build.0 = Release|Any CPU
		{14BAE8C7-0A16-47C4-8C39-2A388BD6DAF5}.Debug|Any CPU.ActiveCfg = Debug|Any CPU
		{14BAE8C7-0A16-47C4-8C39-2A388BD6DAF5}.Debug|Any CPU.Build.0 = Debug|Any CPU
		{14BAE8C7-0A16-47C4-8C39-2A388BD6DAF5}.Release|Any CPU.ActiveCfg = Release|Any CPU
		{14BAE8C7-0A16-47C4-8C39-2A388BD6DAF5}.Release|Any CPU.Build.0 = Release|Any CPU
		{F6D9221C-D6B2-4C77-8550-613D92CEF00C}.Debug|Any CPU.ActiveCfg = Debug|Any CPU
		{F6D9221C-D6B2-4C77-8550-613D92CEF00C}.Debug|Any CPU.Build.0 = Debug|Any CPU
		{F6D9221C-D6B2-4C77-8550-613D92CEF00C}.Release|Any CPU.ActiveCfg = Release|Any CPU
		{F6D9221C-D6B2-4C77-8550-613D92CEF00C}.Release|Any CPU.Build.0 = Release|Any CPU
	EndGlobalSection
	GlobalSection(SolutionProperties) = preSolution
		HideSolutionNode = FALSE
	EndGlobalSection
	GlobalSection(NestedProjects) = preSolution
		{6C36DE30-09A1-4D5B-973A-955A9DE3850F} = {02EA681E-C7D8-13C7-8484-4AC65E1B71E8}
		{1890374B-19CF-460B-89B2-0F50C0D8A289} = {E7ADC583-7D2F-4A58-A8B5-C256EC4160E9}
		{F9F5B51B-A21A-4A0F-BED3-7B87B8013A67} = {3A594739-30E4-4F38-80E1-3A70BBE03D92}
		{56820A23-E167-4D4C-B2C4-47F9EC1952D4} = {3A594739-30E4-4F38-80E1-3A70BBE03D92}
		{ECB713C1-28AF-4E88-8D48-D5F4EF99D294} = {3A594739-30E4-4F38-80E1-3A70BBE03D92}
		{BDE9F684-A9CB-45FC-8A97-588BD101C2EE} = {3A594739-30E4-4F38-80E1-3A70BBE03D92}
		{14BAE8C7-0A16-47C4-8C39-2A388BD6DAF5} = {562CFB98-7424-4D57-A4D0-232DE79DF8FD}
		{F6D9221C-D6B2-4C77-8550-613D92CEF00C} = {562CFB98-7424-4D57-A4D0-232DE79DF8FD}
	EndGlobalSection
	GlobalSection(ExtensibilityGlobals) = postSolution
		SolutionGuid = {0EB32F21-5FC9-413E-A00C-79102EA5DA48}
	EndGlobalSection
EndGlobal
